version = 1
revision = 3
requires-python = "==3.12.*"

[[package]]
name = "aiohappyeyeballs"
version = "2.7.1"
source = { registry = "https://pypi.org/simple" }
sdist = { url = "https://files.pythonhosted.org/packages/ce/f4/eec0465c2f67b2664688d0240b3212d5196fd89e741df67ddb81f8d35658/aiohappyeyeballs-2.7.1.tar.gz", hash = "sha256:065665c041c42a5938ed220bdcd7230f22527fbec085e1853d2402c8a3615d9d", size = 24757, upload-time = "2026-07-01T17:11:55.501Z" }
wheels = [
    { url = "https://files.pythonhosted.org/packages/71/43/1947f06babed6b3f1d7f38b0c767f52df66bfb2bc10b468c4a7de9eceff2/aiohappyeyeballs-2.7.1-py3-none-any.whl", hash = "sha256:9243213661e29250eb41368e5daa826fc017156c3b8a11440826b2e3ed376472", size = 15038, upload-time = "2026-07-01T17:11:54.055Z" },
]

[[package]]
name = "aiohttp"
version = "3.14.3"
source = { registry = "https://pypi.org/simple" }
dependencies = [
    { name = "aiohappyeyeballs" },
    { name = "aiosignal" },
    { name = "attrs" },
    { name = "frozenlist" },
    { name = "multidict" },
    { name = "propcache" },
    { name = "typing-extensions" },
    { name = "yarl" },
]
sdist = { url = "https://files.pythonhosted.org/packages/58/d9/22ce5786ac0c1653ae8b6c23bded02c1686d11f0dbb45b31ce128e0df985/aiohttp-3.14.3.tar.gz", hash = "sha256:9491196535a88924a60afd5b5f434b5b203b6cc616250878dbdb223a8f7844bc", size = 7971213, upload-time = "2026-07-23T01:57:27.037Z" }
wheels = [
    { url = "https://files.pythonhosted.org/packages/18/d4/eb96299230e20acf2efae207cb8d69051f1f68e357e5ea5e479bf6fb097a/aiohttp-3.14.3-cp312-cp312-macosx_10_13_universal2.whl", hash = "sha256:39aded8c7f3b935b54aab1d8d73c70ec0ee2d3ec3b943e0e86611bc150ba47f5", size = 754690, upload-time = "2026-07-23T01:53:47.332Z" },
    { url = "https://files.pythonhosted.org/packages/88/11/e7a70a209eb9a067c0d3212b518a0134e3484f5178c7533878b6b514d469/aiohttp-3.14.3-cp312-cp312-macosx_10_13_x86_64.whl", hash = "sha256:5bcb6ff3fdab1258a192679ff1a05d44f59626430aa05cd1a9d2447423599228", size = 509484, upload-time = "2026-07-23T01:53:51.159Z" },
    { url = "https://files.pythonhosted.org/packages/30/07/4bbc222cc8dbe31d4c3e8a5baad2286e4d42026ac0c570027b89afce6344/aiohttp-3.14.3-cp312-cp312-macosx_11_0_arm64.whl", hash = "sha256:617105e2c3018ee38d0c8ce5ee3c84f621a6d8b9f723202aacaff28449ca91ee", size = 511949, upload-time = "2026-07-23T01:53:55.083Z" },
    { url = "https://files.pythonhosted.org/packages/54/b9/42e74c46b7b7c794b995bbc1f573fb48950c38b19d8600c62a6804ee2d67/aiohttp-3.14.3-cp312-cp312-manylinux2014_aarch64.manylinux_2_17_aarch64.manylinux_2_28_aarch64.whl", hash = "sha256:f631fe87a6f30df5fbe6d79640b25e4cffb38c31c7fb6f10871517b84b0f8c1a", size = 1765282, upload-time = "2026-07-23T01:53:59.662Z" },
    { url = "https://files.pythonhosted.org/packages/6b/ed/62bc4d74363ad346d518e0720363a949f63e2e23439a79eb5813d4d29bb3/aiohttp-3.14.3-cp312-cp312-manylinux2014_armv7l.manylinux_2_17_armv7l.manylinux_2_31_armv7l.whl", hash = "sha256:a94dbaae5ae27bd849c93570669bff91e0510f33a80805738e3de72a7be0447b", size = 1741511, upload-time = "2026-07-23T01:54:04.063Z" },
    { url = "https://files.pythonhosted.org/packages/d0/9f/181e8a8bc79e47d13c7fc4540bd7a3b729d9505609c61f392a8dd2fbfe55/aiohttp-3.14.3-cp312-cp312-manylinux2014_ppc64le.manylinux_2_17_ppc64le.manylinux_2_28_ppc64le.whl", hash = "sha256:8f2f1c4c032c7cedd7d8da6f54c97b70266c6570c3108d3fdffee7188bb70529", size = 1810680, upload-time = "2026-07-23T01:54:09.882Z" },
    { url = "https://files.pythonhosted.org/packages/5c/9a/dec94d6ad694552fe3424e3f1928d7a606a5d9d9433a04e7ecdd9d38ae7f/aiohttp-3.14.3-cp312-cp312-manylinux2014_s390x.manylinux_2_17_s390x.manylinux_2_28_s390x.whl", hash = "sha256:ea05e1f97ceea523942d9b2a7d7c0359d781d683d6b043f5943a602b14da4787", size = 1905646, upload-time = "2026-07-23T01:54:13.475Z" },
    { url = "https://files.pythonhosted.org/packages/52/b7/7cd31f29d6055bd711ae6e669367fba6f5ae9de463910a793e30556a8db7/aiohttp-3.14.3-cp312-cp312-manylinux2014_x86_64.manylinux_2_17_x86_64.manylinux_2_28_x86_64.whl", hash = "sha256:543906c127fb1d929b95076db19b83fa2d46751006ff1e23b093aa5ac4d8db42", size = 1792122, upload-time = "2026-07-23T01:54:15.752Z" },
    { url = "https://files.pythonhosted.org/packages/66/73/10b1ef93afa61f4963c746257b70ced619cf31a4798671de5fdb2608501d/aiohttp-3.14.3-cp312-cp312-manylinux_2_31_riscv64.manylinux_2_39_riscv64.whl", hash = "sha256:0a5ff2dfbb9ce645fa5b8ef3e02c6c0b9cc3f6030ff863d0c51fffc50cb5541b", size = 1591127, upload-time = "2026-07-23T01:54:19.489Z" },
    { url = "https://files.pythonhosted.org/packages/49/ed/3b203fa6de1b338c14acdc06bf6ca9b043b7944f005966958c2ced932cde/aiohttp-3.14.3-cp312-cp312-musllinux_1_2_aarch64.whl", hash = "sha256:041badb8f84396357c4d3ad26de6afd7a32b112f43d3c63045c0c8278cfd2043", size = 1725210, upload-time = "2026-07-23T01:54:24.129Z" },
    { url = "https://files.pythonhosted.org/packages/28/b7/1c2aab8c706436dcc28598452488ac9cd7c409da815237c28c27d58993e6/aiohttp-3.14.3-cp312-cp312-musllinux_1_2_armv7l.whl", hash = "sha256:530125ee1163c4219af35dc3aa1206e541e7b31b6efc1a3f93b70a136f65d427", size = 1764848, upload-time = "2026-07-23T01:54:27.973Z" },
    { url = "https://files.pythonhosted.org/packages/54/50/94c28f08b131c4bf10984ea2c7a536c9920608bb2d6e7f95642c30cc87b7/aiohttp-3.14.3-cp312-cp312-musllinux_1_2_ppc64le.whl", hash = "sha256:c8653fd547c93a61aadc612007790f5555cdd18946fa48cf45e26d8ea4ea473d", size = 1777102, upload-time = "2026-07-23T01:54:31.775Z" },
    { url = "https://files.pythonhosted.org/packages/13/d4/e7d09ba7d345fb2d74440fd2fa033c5e079fac05552927705986f41a364f/aiohttp-3.14.3-cp312-cp312-musllinux_1_2_riscv64.whl", hash = "sha256:89176250f686cb9853c0fb7ead90e639e915b84a6f43eedc2a4e7ec21f1037f0", size = 1580205, upload-time = "2026-07-23T01:54:34.518Z" },
    { url = "https://files.pythonhosted.org/packages/a3/84/072a91d68e1e1eb587985b54baab94221277f877e8ef274fc213a0ceae28/aiohttp-3.14.3-cp312-cp312-musllinux_1_2_s390x.whl", hash = "sha256:3a26434dafe408229ff3403458ca58de24fb51936504decac49ce6755f77e59d", size = 1797219, upload-time = "2026-07-23T01:54:36.995Z" },
    { url = "https://files.pythonhosted.org/packages/e0/eb/aad34e897e668424d6e995da5dff8a4a09af93363d3392488772957a63aa/aiohttp-3.14.3-cp312-cp312-musllinux_1_2_x86_64.whl", hash = "sha256:d1558173930a5a8d3069cee5c92fc91c87c4dbcb099debbb3622053717145a19", size = 1768629, upload-time = "2026-07-23T01:54:40.103Z" },
    { url = "https://files.pythonhosted.org/packages/b6/2b/6bb88ddba0fecd9122aa3ebcad25996cf6c083a4a7040dbb3a4f97972af6/aiohttp-3.14.3-cp312-cp312-win32.whl", hash = "sha256:16100ad3ab8d649fdfbee87602d9d2dcdca9df0b9eda8a1b5fdc0d41f96da559", size = 451481, upload-time = "2026-07-23T01:54:42.547Z" },
    { url = "https://files.pythonhosted.org/packages/76/9b/f2f8f108da17ecef2cc3efc424e8b7ad3782b1a8360f7b8eae8ced84f6ea/aiohttp-3.14.3-cp312-cp312-win_amd64.whl", hash = "sha256:33a2d7c28d33797a2e99923dffa63f83d908a19b6bf26cfe80fa790aa5e1a75a", size = 476845, upload-time = "2026-07-23T01:54:44.853Z" },
    { url = "https://files.pythonhosted.org/packages/3e/44/28dac80a8941b604f4da10ce21097614ca1bf905ce93dca28d8d7de9c1e7/aiohttp-3.14.3-cp312-cp312-win_arm64.whl", hash = "sha256:362a3fd481769cac1a824514bcd86fda51c65e8fe6e051099e008fddde6db17c", size = 448050, upload-time = "2026-07-23T01:54:47.087Z" },
]

[[package]]
name = "aiosignal"
version = "1.4.0"
source = { registry = "https://pypi.org/simple" }
dependencies = [
    { name = "frozenlist" },
    { name = "typing-extensions" },
]
sdist = { url = "https://files.pythonhosted.org/packages/61/62/06741b579156360248d1ec624842ad0edf697050bbaf7c3e46394e106ad1/aiosignal-1.4.0.tar.gz", hash = "sha256:f47eecd9468083c2029cc99945502cb7708b082c232f9aca65da147157b251c7", size = 25007, upload-time = "2025-07-03T22:54:43.528Z" }
wheels = [
    { url = "https://files.pythonhosted.org/packages/fb/76/641ae371508676492379f16e2fa48f4e2c11741bd63c48be4b12a6b09cba/aiosignal-1.4.0-py3-none-any.whl", hash = "sha256:053243f8b92b990551949e63930a839ff0cf0b0ebbe0597b0f3fb19e1a0fe82e", size = 7490, upload-time = "2025-07-03T22:54:42.156Z" },
]

[[package]]
name = "attrs"
version = "26.1.0"
source = { registry = "https://pypi.org/simple" }
sdist = { url = "https://files.pythonhosted.org/packages/9a/8e/82a0fe20a541c03148528be8cac2408564a6c9a0cc7e9171802bc1d26985/attrs-26.1.0.tar.gz", hash = "sha256:d03ceb89cb322a8fd706d4fb91940737b6642aa36998fe130a9bc96c985eff32", size = 952055, upload-time = "2026-03-19T14:22:25.026Z" }
wheels = [
    { url = "https://files.pythonhosted.org/packages/64/b4/17d4b0b2a2dc85a6df63d1157e028ed19f90d4cd97c36717afef2bc2f395/attrs-26.1.0-py3-none-any.whl", hash = "sha256:c647aa4a12dfbad9333ca4e71fe62ddc36f4e63b2d260a37a8b83d2f043ac309", size = 67548, upload-time = "2026-03-19T14:22:23.645Z" },
]

[[package]]
name = "frozenlist"
version = "1.8.0"
source = { registry = "https://pypi.org/simple" }
sdist = { url = "https://files.pythonhosted.org/packages/2d/f5/c831fac6cc817d26fd54c7eaccd04ef7e0288806943f7cc5bbf69f3ac1f0/frozenlist-1.8.0.tar.gz", hash = "sha256:3ede829ed8d842f6cd48fc7081d7a41001a56f1f38603f9d49bf3020d59a31ad", size = 45875, upload-time = "2025-10-06T05:38:17.865Z" }
wheels = [
    { url = "https://files.pythonhosted.org/packages/69/29/948b9aa87e75820a38650af445d2ef2b6b8a6fab1a23b6bb9e4ef0be2d59/frozenlist-1.8.0-cp312-cp312-macosx_10_13_universal2.whl", hash = "sha256:78f7b9e5d6f2fdb88cdde9440dc147259b62b9d3b019924def9f6478be254ac1", size = 87782, upload-time = "2025-10-06T05:36:06.649Z" },
    { url = "https://files.pythonhosted.org/packages/64/80/4f6e318ee2a7c0750ed724fa33a4bdf1eacdc5a39a7a24e818a773cd91af/frozenlist-1.8.0-cp312-cp312-macosx_10_13_x86_64.whl", hash = "sha256:229bf37d2e4acdaf808fd3f06e854a4a7a3661e871b10dc1f8f1896a3b05f18b", size = 50594, upload-time = "2025-10-06T05:36:07.69Z" },
    { url = "https://files.pythonhosted.org/packages/2b/94/5c8a2b50a496b11dd519f4a24cb5496cf125681dd99e94c604ccdea9419a/frozenlist-1.8.0-cp312-cp312-macosx_11_0_arm64.whl", hash = "sha256:f833670942247a14eafbb675458b4e61c82e002a148f49e68257b79296e865c4", size = 50448, upload-time = "2025-10-06T05:36:08.78Z" },
    { url = "https://files.pythonhosted.org/packages/6a/bd/d91c5e39f490a49df14320f4e8c80161cfcce09f1e2cde1edd16a551abb3/frozenlist-1.8.0-cp312-cp312-manylinux1_x86_64.manylinux_2_28_x86_64.manylinux_2_5_x86_64.whl", hash = "sha256:494a5952b1c597ba44e0e78113a7266e656b9794eec897b19ead706bd7074383", size = 242411, upload-time = "2025-10-06T05:36:09.801Z" },
    { url = "https://files.pythonhosted.org/packages/8f/83/f61505a05109ef3293dfb1ff594d13d64a2324ac3482be2cedc2be818256/frozenlist-1.8.0-cp312-cp312-manylinux2014_aarch64.manylinux_2_17_aarch64.manylinux_2_28_aarch64.whl", hash = "sha256:96f423a119f4777a4a056b66ce11527366a8bb92f54e541ade21f2374433f6d4", size = 243014, upload-time = "2025-10-06T05:36:11.394Z" },
    { url = "https://files.pythonhosted.org/packages/d8/cb/cb6c7b0f7d4023ddda30cf56b8b17494eb3a79e3fda666bf735f63118b35/frozenlist-1.8.0-cp312-cp312-manylinux2014_armv7l.manylinux_2_17_armv7l.manylinux_2_31_armv7l.whl", hash = "sha256:3462dd9475af2025c31cc61be6652dfa25cbfb56cbbf52f4ccfe029f38decaf8", size = 234909, upload-time = "2025-10-06T05:36:12.598Z" },
    { url = "https://files.pythonhosted.org/packages/31/c5/cd7a1f3b8b34af009fb17d4123c5a778b44ae2804e3ad6b86204255f9ec5/frozenlist-1.8.0-cp312-cp312-manylinux2014_ppc64le.manylinux_2_17_ppc64le.manylinux_2_28_ppc64le.whl", hash = "sha256:c4c800524c9cd9bac5166cd6f55285957fcfc907db323e193f2afcd4d9abd69b", size = 250049, upload-time = "2025-10-06T05:36:14.065Z" },
    { url = "https://files.pythonhosted.org/packages/c0/01/2f95d3b416c584a1e7f0e1d6d31998c4a795f7544069ee2e0962a4b60740/frozenlist-1.8.0-cp312-cp312-manylinux2014_s390x.manylinux_2_17_s390x.manylinux_2_28_s390x.whl", hash = "sha256:d6a5df73acd3399d893dafc71663ad22534b5aa4f94e8a2fabfe856c3c1b6a52", size = 256485, upload-time = "2025-10-06T05:36:15.39Z" },
    { url = "https://files.pythonhosted.org/packages/ce/03/024bf7720b3abaebcff6d0793d73c154237b85bdf67b7ed55e5e9596dc9a/frozenlist-1.8.0-cp312-cp312-musllinux_1_2_aarch64.whl", hash = "sha256:405e8fe955c2280ce66428b3ca55e12b3c4e9c336fb2103a4937e891c69a4a29", size = 237619, upload-time = "2025-10-06T05:36:16.558Z" },
    { url = "https://files.pythonhosted.org/packages/69/fa/f8abdfe7d76b731f5d8bd217827cf6764d4f1d9763407e42717b4bed50a0/frozenlist-1.8.0-cp312-cp312-musllinux_1_2_armv7l.whl", hash = "sha256:908bd3f6439f2fef9e85031b59fd4f1297af54415fb60e4254a95f75b3cab3f3", size = 250320, upload-time = "2025-10-06T05:36:17.821Z" },
    { url = "https://files.pythonhosted.org/packages/f5/3c/b051329f718b463b22613e269ad72138cc256c540f78a6de89452803a47d/frozenlist-1.8.0-cp312-cp312-musllinux_1_2_ppc64le.whl", hash = "sha256:294e487f9ec720bd8ffcebc99d575f7eff3568a08a253d1ee1a0378754b74143", size = 246820, upload-time = "2025-10-06T05:36:19.046Z" },
    { url = "https://files.pythonhosted.org/packages/0f/ae/58282e8f98e444b3f4dd42448ff36fa38bef29e40d40f330b22e7108f565/frozenlist-1.8.0-cp312-cp312-musllinux_1_2_s390x.whl", hash = "sha256:74c51543498289c0c43656701be6b077f4b265868fa7f8a8859c197006efb608", size = 250518, upload-time = "2025-10-06T05:36:20.763Z" },
    { url = "https://files.pythonhosted.org/packages/8f/96/007e5944694d66123183845a106547a15944fbbb7154788cbf7272789536/frozenlist-1.8.0-cp312-cp312-musllinux_1_2_x86_64.whl", hash = "sha256:776f352e8329135506a1d6bf16ac3f87bc25b28e765949282dcc627af36123aa", size = 239096, upload-time = "2025-10-06T05:36:22.129Z" },
    { url = "https://files.pythonhosted.org/packages/66/bb/852b9d6db2fa40be96f29c0d1205c306288f0684df8fd26ca1951d461a56/frozenlist-1.8.0-cp312-cp312-win32.whl", hash = "sha256:433403ae80709741ce34038da08511d4a77062aa924baf411ef73d1146e74faf", size = 39985, upload-time = "2025-10-06T05:36:23.661Z" },
    { url = "https://files.pythonhosted.org/packages/b8/af/38e51a553dd66eb064cdf193841f16f077585d4d28394c2fa6235cb41765/frozenlist-1.8.0-cp312-cp312-win_amd64.whl", hash = "sha256:34187385b08f866104f0c0617404c8eb08165ab1272e884abc89c112e9c00746", size = 44591, upload-time = "2025-10-06T05:36:24.958Z" },
    { url = "https://files.pythonhosted.org/packages/a7/06/1dc65480ab147339fecc70797e9c2f69d9cea9cf38934ce08df070fdb9cb/frozenlist-1.8.0-cp312-cp312-win_arm64.whl", hash = "sha256:fe3c58d2f5db5fbd18c2987cba06d51b0529f52bc3a6cdc33d3f4eab725104bd", size = 40102, upload-time = "2025-10-06T05:36:26.333Z" },
    { url = "https://files.pythonhosted.org/packages/9a/9a/e35b4a917281c0b8419d4207f4334c8e8c5dbf4f3f5f9ada73958d937dcc/frozenlist-1.8.0-py3-none-any.whl", hash = "sha256:0c18a16eab41e82c295618a77502e17b195883241c563b00f0aa5106fc4eaa0d", size = 13409, upload-time = "2025-10-06T05:38:16.721Z" },
]

[[package]]
name = "idna"
version = "3.20"
source = { registry = "https://pypi.org/simple" }
sdist = { url = "https://files.pythonhosted.org/packages/f5/08/8eea9d4b8302028f3abb2c0813953f7aec26d33b7a8960ed760e65ff29fa/idna-3.20.tar.gz", hash = "sha256:a7db850025b95ded1eae8a46181a1a6c56c92c96f0e2b005d9ff8dc0210cab44", size = 216463, upload-time = "2026-09-17T14:11:04.752Z" }
wheels = [
    { url = "https://files.pythonhosted.org/packages/58/a2/bb081bab032533a855d44de1d56f8e8426114ff1ba5d1f07a438a0a654f8/idna-3.20-py3-none-any.whl", hash = "sha256:ab7ae7122974553370f0bdb919e1a960b2cd1bc1ef0276416d896db81c14582c", size = 69583, upload-time = "2026-09-17T14:11:03.168Z" },
]

[[package]]
name = "multidict"
version = "6.9.1"
source = { registry = "https://pypi.org/simple" }
sdist = { url = "https://files.pythonhosted.org/packages/d6/99/1d4d69c3512d0ddbfa3a1b69cfd9a151012ab2eb4eabbb096201b1f0b7d8/multidict-6.9.1.tar.gz", hash = "sha256:0f06e60fa190aa7abd0914c2a766736fdc8e9f34878c4346338534b73d1b20e2", size = 182404, upload-time = "2026-09-21T17:59:05.362Z" }
wheels = [
    { url = "https://files.pythonhosted.org/packages/d9/0d/4b5afb6d3e545c9af0cdfe2db8f6f4c6664568c23d863d888674e447e6a4/multidict-6.9.1-cp312-cp312-macosx_10_13_universal2.whl", hash = "sha256:29138fef49828542e859828107e42e50d0e587c513b7eb4b2d92bade2b0860fe", size = 98360, upload-time = "2026-09-21T17:55:11.508Z" },
    { url = "https://files.pythonhosted.org/packages/89/ab/1b9ca66251899981b21138b87da9d5a9c2c81af12b1ea7d19466972f7fe2/multidict-6.9.1-cp312-cp312-macosx_10_13_x86_64.whl", hash = "sha256:19e31815d41cefc365489e591d105d2baceb2f65aa75d29471fbdbda8651e006", size = 59979, upload-time = "2026-09-21T17:55:12.866Z" },
    { url = "https://files.pythonhosted.org/packages/36/eb/6ae44062466c26c8469ef43f2481a6a48d8cea0587b2d54514ec92e2adfd/multidict-6.9.1-cp312-cp312-macosx_11_0_arm64.whl", hash = "sha256:6ed30be8918e18c8bed0a2e8b70639ecf02feb61ed00ca2e41cfcb2a50fa3f42", size = 57736, upload-time = "2026-09-21T17:55:14.223Z" },
    { url = "https://files.pythonhosted.org/packages/b9/5c/a67817593019257a4ac8b0d1b4c426030e637c047b0692ef405439ecea7a/multidict-6.9.1-cp312-cp312-manylinux1_i686.manylinux_2_28_i686.manylinux_2_5_i686.whl", hash = "sha256:637f4ae36264bd7b8d9a60193acddc1d735ad52e8ed53a19931ea6d921fea8e5", size = 333097, upload-time = "2026-09-21T17:55:15.591Z" },
    { url = "https://files.pythonhosted.org/packages/90/bf/599ae2e6222822d88a247a8a7ae82fe6fd25d5700757b79603d5edafe6a0/multidict-6.9.1-cp312-cp312-manylinux2014_aarch64.manylinux_2_17_aarch64.manylinux_2_28_aarch64.whl", hash = "sha256:35fc236507fb1b3138f0af5ecd5f94ed752d4d6d826248eae425f86204013eea", size = 334196, upload-time = "2026-09-21T17:55:17.015Z" },
    { url = "https://files.pythonhosted.org/packages/15/10/d8aac5acacbe7f5c117866c776ec26d5f15a868759b6f37ad8e7ed3b5b02/multidict-6.9.1-cp312-cp312-manylinux2014_armv7l.manylinux_2_17_armv7l.manylinux_2_31_armv7l.whl", hash = "sha256:e58952f04772f59f11c6e007471449809a30165188669bca8fdb19dde40a8f24", size = 317465, upload-time = "2026-09-21T17:55:18.412Z" },
    { url = "https://files.pythonhosted.org/packages/19/0a/714f796f7293a8b1c5c3f465a26996231d5450c54e85d64ef1258c091134/multidict-6.9.1-cp312-cp312-manylinux2014_ppc64le.manylinux_2_17_ppc64le.manylinux_2_28_ppc64le.whl", hash = "sha256:d35a4f1c63f07fbb8c8f9946dea98b21eddf6c57421585f71d91864be3ba2a24", size = 345914, upload-time = "2026-09-21T17:55:20.306Z" },
    { url = "https://files.pythonhosted.org/packages/da/b1/e37fbf769c567be277bcf32df6234035a4384677fcc1bd852752be3d6b93/multidict-6.9.1-cp312-cp312-manylinux2014_s390x.manylinux_2_17_s390x.manylinux_2_28_s390x.whl", hash = "sha256:b5f8771aaaed7f80e84a4e471d2f29ab6721e4595075e54d03ae1ed951b2000a", size = 351163, upload-time = "2026-09-21T17:55:22.21Z" },
    { url = "https://files.pythonhosted.org/packages/ed/5b/db08419c1e1f7c9d60cfd2787b2b517d7ae4ebbda8281b48a33eb5141467/multidict-6.9.1-cp312-cp312-manylinux2014_x86_64.manylinux_2_17_x86_64.manylinux_2_28_x86_64.whl", hash = "sha256:976fd7689d69ec78d67d31d38d396d8adb562f7e8368279f76aed4aa451fa06d", size = 336881, upload-time = "2026-09-21T17:55:23.699Z" },
    { url = "https://files.pythonhosted.org/packages/9b/07/cc9bc8a62651d2d53ab93ee4993b3a71b7cb78eb8ebfc9c757a5b6698617/multidict-6.9.1-cp312-cp312-manylinux_2_31_riscv64.manylinux_2_39_riscv64.whl", hash = "sha256:95052e8777a86bae87c0bd0b5ab22d809e3d1d02bf69e3e66ddda5ba75a05805", size = 303405, upload-time = "2026-09-21T17:55:25.305Z" },
    { url = "https://files.pythonhosted.org/packages/b6/0c/8e912afafa70e944dbb8bec4b66ca6e008511395278c0d3dd0e89567536a/multidict-6.9.1-cp312-cp312-musllinux_1_2_aarch64.whl", hash = "sha256:1a8adfcaf96f587ab138476eaddef95f29b8a2a8a9afbfea8d2fd62180995d02", size = 324265, upload-time = "2026-09-21T17:55:26.989Z" },
    { url = "https://files.pythonhosted.org/packages/66/6a/62c2af80fb085e6234805017af857b8e913dfac7a55e9c1349c27768c58a/multidict-6.9.1-cp312-cp312-musllinux_1_2_armv7l.whl", hash = "sha256:1a53de2772cfb74559df2eb4456ec4eeb908435ec55a84b69370d9d745d62aa8", size = 322085, upload-time = "2026-09-21T17:55:28.732Z" },
    { url = "https://files.pythonhosted.org/packages/f8/6b/35bf801b336fd960811207203ffdcdc24acc3558b3e7ff2e1c914b141e70/multidict-6.9.1-cp312-cp312-musllinux_1_2_i686.whl", hash = "sha256:0f2ce963299d42fa3f22a90adc0fdf174792ffef5ff4c7ffb68260548fb05580", size = 338107, upload-time = "2026-09-21T17:55:30.303Z" },
    { url = "https://files.pythonhosted.org/packages/80/41/495ef65bf5bba29d142d81b3fe1b8154b919bed70e96491b1e93c3c26f0f/multidict-6.9.1-cp312-cp312-musllinux_1_2_ppc64le.whl", hash = "sha256:5b30ddf7234e611ca877575b62840e6af5977f92f1f9d532eedbb05a44ff8004", size = 339631, upload-time = "2026-09-21T17:55:32.012Z" },
    { url = "https://files.pythonhosted.org/packages/19/bd/057fdff5f4e04dcd40a960e38f77d19d3c4b67dd243ffa5f43718edb29fc/multidict-6.9.1-cp312-cp312-musllinux_1_2_riscv64.whl", hash = "sha256:63ada7ee2e9345695f9e9bc4c65d72222253f07b1ac94fd0e37555cc6f3c7f60", size = 302080, upload-time = "2026-09-21T17:55:33.817Z" },
    { url = "https://files.pythonhosted.org/packages/3f/de/9ace933ee8dad808632523726f42255b09600087219e3d4ead7369820910/multidict-6.9.1-cp312-cp312-musllinux_1_2_s390x.whl", hash = "sha256:3c95601ed98fad3f6e2f8fe809c3b526b0fab31ef525e00a155e227f3d17f58a", size = 341107, upload-time = "2026-09-21T17:55:35.471Z" },
    { url = "https://files.pythonhosted.org/packages/d8/ac/7c1204406097bfc5c283d4a3287d61166807d189917567df4c1318484fc4/multidict-6.9.1-cp312-cp312-musllinux_1_2_x86_64.whl", hash = "sha256:c148e8b596000dd3e4bfe206e70f3e666be18d72032e0012555f2373c52e35d6", size = 333482, upload-time = "2026-09-21T17:55:37.002Z" },
    { url = "https://files.pythonhosted.org/packages/ff/c0/a70c32ea3299ebe00f44533740cb46905717c51faf29bbd3ce8bb5886d9d/multidict-6.9.1-cp312-cp312-win32.whl", hash = "sha256:f9dad513626a33670f17cddc6078e30e311f444c957e8dbfc5b2b4603c8b4edb", size = 52548, upload-time = "2026-09-21T17:55:38.529Z" },
    { url = "https://files.pythonhosted.org/packages/d7/2e/8c9c2591df01e5692ad1bf92febb082a17b1c6c3a19aa8b7ff49988fd989/multidict-6.9.1-cp312-cp312-win_amd64.whl", hash = "sha256:a16a1dc8529f9e734a41c3b856f3eae7ebacdc061dde3f8a844e0c7889c97203", size = 59622, upload-time = "2026-09-21T17:55:39.86Z" },
    { url = "https://files.pythonhosted.org/packages/d0/95/59f4472ec512bc180fd207899594c7803ece96262ff9aaa3a4b6d7da6940/multidict-6.9.1-cp312-cp312-win_arm64.whl", hash = "sha256:361f7206cf341ba94fb015688f5c8b480f8e63bd58a4c14a48aeca7851a241cc", size = 54930, upload-time = "2026-09-21T17:55:41.155Z" },
    { url = "https://files.pythonhosted.org/packages/be/59/e26cb779be4c591d1a910f59d29aca9fba4de70349840a833beba2652371/multidict-6.9.1-py3-none-any.whl", hash = "sha256:7bf6478188f4e47bf5686e8a33da4ae28bf43b1b2528d9ee144d28492bfac60b", size = 19176, upload-time = "2026-09-21T17:59:03.501Z" },
]

[[package]]
name = "personal-language-stats"
version = "0.1.0"
source = { virtual = "." }
dependencies = [
    { name = "aiohttp" },
]

[package.metadata]
requires-dist = [{ name = "aiohttp", specifier = ">=3.14.3,<4" }]

[[package]]
name = "propcache"
version = "0.5.4"
source = { registry = "https://pypi.org/simple" }
sdist = { url = "https://files.pythonhosted.org/packages/b3/9a/9fbf4e4ec0c2d7f1c32519fff782ef467859b8faa9fbc5331a96f6395d43/propcache-0.5.4.tar.gz", hash = "sha256:ff6b113f50bc066a698db5d944d2c6dc7507168dd3341e255a8892fd0715a558", size = 61545, upload-time = "2026-09-16T00:17:14.386Z" }
wheels = [
    { url = "https://files.pythonhosted.org/packages/71/cd/348d58f142aebc4873345c6b31087629182ca6e0f2b3caeaa528cf882eba/propcache-0.5.4-cp312-cp312-macosx_10_13_universal2.whl", hash = "sha256:b28f41fa3b8c6900457f858ec5b03998f3a6d535fbc1bb2edec5961ea05ec429", size = 87285, upload-time = "2026-09-16T00:14:29.362Z" },
    { url = "https://files.pythonhosted.org/packages/df/f4/f3ffaee281b276da854ac1d7a6a506d26cbc62ea2e623756f1d0a4a1ba1a/propcache-0.5.4-cp312-cp312-macosx_10_13_x86_64.whl", hash = "sha256:dcbf346a318a5e30063f547630b02bb787ce2f45b6368d5da143660b6a3835d8", size = 50984, upload-time = "2026-09-16T00:14:30.473Z" },
    { url = "https://files.pythonhosted.org/packages/25/88/1d7df7201750b37765ef2b23bc1c526c028dadde80afa0f57a118fc01182/propcache-0.5.4-cp312-cp312-macosx_11_0_arm64.whl", hash = "sha256:87a3caecf8095e48dc72f84bfa42e23a848cf410cc9cc13031fba4869b706a21", size = 52460, upload-time = "2026-09-16T00:14:31.692Z" },
    { url = "https://files.pythonhosted.org/packages/83/4f/48865bd02a16ee5236bc46166b2946f37b93e07b0eae355dac0be0b216ca/propcache-0.5.4-cp312-cp312-manylinux2014_aarch64.manylinux_2_17_aarch64.manylinux_2_28_aarch64.whl", hash = "sha256:60a64cbccaa11b7760ce705a14ada17ba459e7ca9f23ba587eb013821032d7ef", size = 251768, upload-time = "2026-09-16T00:14:32.908Z" },
    { url = "https://files.pythonhosted.org/packages/b0/19/3742a5eed62317b03b4002ee865dc9fd720308bdd0da1f29a5786c630311/propcache-0.5.4-cp312-cp312-manylinux2014_ppc64le.manylinux_2_17_ppc64le.manylinux_2_28_ppc64le.whl", hash = "sha256:a74bfa37147cc08fb29df10bd9c16f40fa7f860cd3a6d2fff853323a94f6e17f", size = 257723, upload-time = "2026-09-16T00:14:34.267Z" },
    { url = "https://files.pythonhosted.org/packages/cb/d5/ee6350fb0be9122bb6c67082a876d34b90d980d100c106af4b81023e04f4/propcache-0.5.4-cp312-cp312-manylinux2014_s390x.manylinux_2_17_s390x.manylinux_2_28_s390x.whl", hash = "sha256:a4d7a54719b67338a305dca2ce6aafe366817df94ddfd4b5514374356f5ca546", size = 265597, upload-time = "2026-09-16T00:14:35.56Z" },
    { url = "https://files.pythonhosted.org/packages/85/9f/83a07b6ec0e043c050cfdd35fb0cf1b7897b91d554d6eea293740309afe7/propcache-0.5.4-cp312-cp312-manylinux2014_x86_64.manylinux_2_17_x86_64.manylinux_2_28_x86_64.whl", hash = "sha256:2814ecd8e818f487bee4b0f921bc4d1c176cc5fc71ac0f072d0fa67eda4ac14b", size = 250424, upload-time = "2026-09-16T00:14:36.894Z" },
    { url = "https://files.pythonhosted.org/packages/33/2c/a763a8251f50fba042af0fb1f02bfec4b31381e40aff760db2be7b2e1f84/propcache-0.5.4-cp312-cp312-manylinux_2_31_riscv64.manylinux_2_39_riscv64.whl", hash = "sha256:6af4693716bfb03f1752ef1b30faa593db2c01d5272e9b8564a1549452a979ab", size = 216748, upload-time = "2026-09-16T00:14:38.369Z" },
    { url = "https://files.pythonhosted.org/packages/6a/e2/4d11bea8fd6a777149c6c20645f873952eab5de3a2497aa11648ec9ab6ab/propcache-0.5.4-cp312-cp312-musllinux_1_2_aarch64.whl", hash = "sha256:4fbc1a15dc8cd1689508758d626b372b1f09d28d9577667feaf9e6bfcd8efcbc", size = 246533, upload-time = "2026-09-16T00:14:39.82Z" },
    { url = "https://files.pythonhosted.org/packages/9f/36/6683597de4907e70c717e3588c541202c66086a72ff3db58be49de66e72c/propcache-0.5.4-cp312-cp312-musllinux_1_2_armv7l.whl", hash = "sha256:cdee8205a44d0be91bbac4c41b95d86641b72dfc7aef1279400e4fda3f26a937", size = 238173, upload-time = "2026-09-16T00:14:41.259Z" },
    { url = "https://files.pythonhosted.org/packages/85/84/cb08d79f1762daafeb2b030c470cd0c725c97b8ad67412457c6f35c53e9d/propcache-0.5.4-cp312-cp312-musllinux_1_2_ppc64le.whl", hash = "sha256:9a2a8a50a93dee0268a860a07fa3b4bd968f8ce4dbd794957da772f395368526", size = 251128, upload-time = "2026-09-16T00:14:42.652Z" },
    { url = "https://files.pythonhosted.org/packages/c2/0d/41b848036db6621370c1f2e5471a7da8149c730f8552a5257567721f4576/propcache-0.5.4-cp312-cp312-musllinux_1_2_riscv64.whl", hash = "sha256:7ffafcbfc7b549ab940047e505c831eabac5e67de53e1bc174adbc5285c55944", size = 214821, upload-time = "2026-09-16T00:14:44.112Z" },
    { url = "https://files.pythonhosted.org/packages/f1/b7/adfae4bf9c63bccf12e2d9690a175c6579047a6eec3b5a6a5f51428c15e2/propcache-0.5.4-cp312-cp312-musllinux_1_2_s390x.whl", hash = "sha256:d1f5a500bfcbb2c0ab85e98a0dcd70f5899d34efe365a0187700369a79603031", size = 254793, upload-time = "2026-09-16T00:14:45.429Z" },
    { url = "https://files.pythonhosted.org/packages/51/6f/eeca9647245d5f92e87d53e5f14335bb42fce1a7e6842c8045b364eded8b/propcache-0.5.4-cp312-cp312-musllinux_1_2_x86_64.whl", hash = "sha256:8a235f73d6e020855dc29dff012d920c02ee0feab8d73a24185a7569f4be1161", size = 247134, upload-time = "2026-09-16T00:14:46.976Z" },
    { url = "https://files.pythonhosted.org/packages/5d/a9/424e38838793d37160b4379c702f61c74c598fc6cd17204adbe3c554f7a8/propcache-0.5.4-cp312-cp312-win32.whl", hash = "sha256:b3083bfe87f95c756e610bd8025f26cbd1cd4aaa03a422f2d65efb7a97cd53d8", size = 43073, upload-time = "2026-09-16T00:14:48.338Z" },
    { url = "https://files.pythonhosted.org/packages/58/7b/6e8ef26f6d510a7916064fec68d55fcbfbdf7eb01e377480d66a122152d8/propcache-0.5.4-cp312-cp312-win_amd64.whl", hash = "sha256:98914de2c4d7f0f9f4a8c6ea4bf05841f4175796941e3ef7d47eb718f22311fb", size = 46190, upload-time = "2026-09-16T00:14:49.99Z" },
    { url = "https://files.pythonhosted.org/packages/08/b9/72028c5b56ced97f456de6aefa79435ca64d7f77af78ea8cf3c76fc5195f/propcache-0.5.4-cp312-cp312-win_arm64.whl", hash = "sha256:8876b39961e33d912afe3c1bee18ee564fdad0206f873cc15d522756b7f50737", size = 43075, upload-time = "2026-09-16T00:14:51.155Z" },
    { url = "https://files.pythonhosted.org/packages/f5/cd/785c64ed382f3f04201870267b02783f63b4678c2acfddc177a3ebcc2727/propcache-0.5.4-py3-none-any.whl", hash = "sha256:62c60aec739ed00124573cce1178138fd690c7676352d67a37328c1cf51d7468", size = 16338, upload-time = "2026-09-16T00:17:13.106Z" },
]

[[package]]
name = "typing-extensions"
version = "4.16.0"
source = { registry = "https://pypi.org/simple" }
sdist = { url = "https://files.pythonhosted.org/packages/f6/cc/6253133b5bb138fc3306cebfbda2c520f545d36b5be2c7255cc528bb45d6/typing_extensions-4.16.0.tar.gz", hash = "sha256:dc983d19a509c94dba722ee6abd33940f7c05a89e243c47e907eb4db6f1a43e5", size = 113555, upload-time = "2026-07-02T08:40:05.92Z" }
wheels = [
    { url = "https://files.pythonhosted.org/packages/49/d3/b8441a820a491ddfc024b0b0cf0393375b75ea13866d9c66727e54c2fc80/typing_extensions-4.16.0-py3-none-any.whl", hash = "sha256:481caa481374e813c1b176ada14e97f1f67a4539ce9cfeb3f350d78d6370c2e8", size = 45571, upload-time = "2026-07-02T08:40:04.659Z" },
]

[[package]]
name = "yarl"
version = "1.25.1"
source = { registry = "https://pypi.org/simple" }
dependencies = [
    { name = "idna" },
    { name = "multidict" },
    { name = "propcache" },
]
sdist = { url = "https://files.pythonhosted.org/packages/75/16/e8be8e2fb175bbf41a0680381a319f1199fae256588241a2ac8677eafb49/yarl-1.25.1.tar.gz", hash = "sha256:03dd38de09bc213e9a8b29761eec33ee1d5318dac0e49d8af36e4d27830e23a7", size = 246245, upload-time = "2026-09-15T19:35:02.264Z" }
wheels = [
    { url = "https://files.pythonhosted.org/packages/75/b3/cd32ac66ae622b854c2df0ac52106dda220d361b65a64fde7d5b3684aa3f/yarl-1.25.1-cp312-cp312-macosx_10_13_universal2.whl", hash = "sha256:94d7aa6debf92a1dd14cb5280b083a764169a13cfb23a452111160274ed989f4", size = 144798, upload-time = "2026-09-15T19:31:01.821Z" },
    { url = "https://files.pythonhosted.org/packages/61/fb/a2c52a8007c2051ba74662afb112ecf3d00346af4c25e33df9d80fd14fb8/yarl-1.25.1-cp312-cp312-macosx_10_13_x86_64.whl", hash = "sha256:83d4a37e4b95da4d8bda930d6d35b75b4cdadbacbb4980cae290ea3100b5d51d", size = 104583, upload-time = "2026-09-15T19:31:04.05Z" },
    { url = "https://files.pythonhosted.org/packages/be/dd/ee38aec8e09fdf957e50d4085453fbe202f56c6c3b4cf07b81cdb4f09ee9/yarl-1.25.1-cp312-cp312-macosx_11_0_arm64.whl", hash = "sha256:e029648f9c951db30e98a7d7ec90835db88ec4b32820efe2a9bdc2287e032eb6", size = 104325, upload-time = "2026-09-15T19:31:06.338Z" },
    { url = "https://files.pythonhosted.org/packages/1e/b3/058dbfb1857b484c9cf9cc135659f50b85ce66e03c99e44dc2f7b6161f55/yarl-1.25.1-cp312-cp312-manylinux2014_aarch64.manylinux_2_17_aarch64.manylinux_2_28_aarch64.whl", hash = "sha256:4d781294bb815ecb5ea57ff6bbf8038e0a31a95fdf3e1788f66e0dc100d64b58", size = 115358, upload-time = "2026-09-15T19:31:08.593Z" },
    { url = "https://files.pythonhosted.org/packages/db/39/29693446cf0cf6b15a0e2f75a5d40f93c56819b05b0622196f45e95b5cc0/yarl-1.25.1-cp312-cp312-manylinux2014_armv7l.manylinux_2_17_armv7l.manylinux_2_31_armv7l.whl", hash = "sha256:e12c538e00e7c1b286a07061046b90e8124e6a9793efae2c70db6a4aad07faad", size = 107658, upload-time = "2026-09-15T19:31:10.802Z" },
    { url = "https://files.pythonhosted.org/packages/86/b3/3c4dd7e1af43b931fba95e0a722737f2ea94a6d199c802585282831d7abd/yarl-1.25.1-cp312-cp312-manylinux2014_ppc64le.manylinux_2_17_ppc64le.manylinux_2_28_ppc64le.whl", hash = "sha256:7e4de3ac4adbad3d0bc7c6f4360a7dbff5de2f15e3b723be3198074e17fd9c40", size = 122660, upload-time = "2026-09-15T19:31:12.84Z" },
    { url = "https://files.pythonhosted.org/packages/bd/b5/1b60dbc3cfc9c5712b15148c206748f2bc93953ffdbe25ea75b63dfc89c9/yarl-1.25.1-cp312-cp312-manylinux2014_s390x.manylinux_2_17_s390x.manylinux_2_28_s390x.whl", hash = "sha256:419f392a1da624877975709e3864dfe833af6cc7671b39318086d456e288380c", size = 126506, upload-time = "2026-09-15T19:31:15.088Z" },
    { url = "https://files.pythonhosted.org/packages/bc/7b/ca212cbe170ac8b96e45317ecbcf9c3c3ecf0cdec98d5b088a9c4088929b/yarl-1.25.1-cp312-cp312-manylinux2014_x86_64.manylinux_2_17_x86_64.manylinux_2_28_x86_64.whl", hash = "sha256:c6f117789d22dce188e5754e8bc65b7e6ebf8cb73963b9fa761f672a5883769d", size = 117050, upload-time = "2026-09-15T19:31:17.241Z" },
    { url = "https://files.pythonhosted.org/packages/cb/c3/72b4938cdbe619ad71ac156182faef4908846b84dc3ca4dbb4c4e6f84014/yarl-1.25.1-cp312-cp312-manylinux_2_31_riscv64.manylinux_2_39_riscv64.whl", hash = "sha256:80e47012e730da131c9f059c80936783f9659aae22dc31c03c0595590d11ed54", size = 114174, upload-time = "2026-09-15T19:31:19.294Z" },
    { url = "https://files.pythonhosted.org/packages/e8/43/268717870f9ba0cc9701a95181587f6dc8c5f387aab4aeecc83158f38a79/yarl-1.25.1-cp312-cp312-musllinux_1_2_aarch64.whl", hash = "sha256:e80f557716fd765439577131e526b8942ffc2c07bdbc5e39fa62f660ba1e963f", size = 114944, upload-time = "2026-09-15T19:31:21.414Z" },
    { url = "https://files.pythonhosted.org/packages/da/84/baa5bf504d51fe062c4bcaf62936da97fffb43285978d0b39984824231fd/yarl-1.25.1-cp312-cp312-musllinux_1_2_armv7l.whl", hash = "sha256:f61964f235a43738bfac50da46fc4254943a7eea3051aeb0b6fc7c992c29fadc", size = 108263, upload-time = "2026-09-15T19:31:23.388Z" },
    { url = "https://files.pythonhosted.org/packages/a4/28/779a2ed9e0152a601a27039bed9aead3f0b79797a67e2c44bfa444622dd8/yarl-1.25.1-cp312-cp312-musllinux_1_2_ppc64le.whl", hash = "sha256:e546fe1d4a93ebc2910f0d768baff19faa09843ab3f2036a67ed6e69fae4419d", size = 122184, upload-time = "2026-09-15T19:31:25.343Z" },
    { url = "https://files.pythonhosted.org/packages/f8/1f/118e9e5b8f07694d63fd3222e801d7782270003f1a222aa798df3f8d5933/yarl-1.25.1-cp312-cp312-musllinux_1_2_riscv64.whl", hash = "sha256:cce0727fd5ac04d372fa9bbfde9febc2bcf209aadfcf0468e45dec72719895d1", size = 114001, upload-time = "2026-09-15T19:31:27.465Z" },
    { url = "https://files.pythonhosted.org/packages/0f/ae/a4cf1cf372313734b17996d4007f9f73596e7a178b9485802e5494ecf484/yarl-1.25.1-cp312-cp312-musllinux_1_2_s390x.whl", hash = "sha256:af4ea5b37403ef4e30f3927eaed540db942bde01d8d3ff083527c0704d1c9c68", size = 120565, upload-time = "2026-09-15T19:31:29.47Z" },
    { url = "https://files.pythonhosted.org/packages/05/79/ad94f93ca731bc9e44d321833ab96b82a4f9f5f63cf773f81a4aeea5ecc1/yarl-1.25.1-cp312-cp312-musllinux_1_2_x86_64.whl", hash = "sha256:68782fdb4027b8d1eee25ec35e9a6db05e863b899eb0310b3a33b6c3fef55707", size = 117060, upload-time = "2026-09-15T19:31:31.367Z" },
    { url = "https://files.pythonhosted.org/packages/bb/cc/51a7b4abf4ac593b8e7eb3794b28e5a35ae26eed8bc04787628d215af82f/yarl-1.25.1-cp312-cp312-win_amd64.whl", hash = "sha256:7d575b54cb3863ef9bc290ea4b009999d55dc237326131e4853cf33e888fee03", size = 102593, upload-time = "2026-09-15T19:31:33.329Z" },
    { url = "https://files.pythonhosted.org/packages/9d/21/0941a6b93a58b59a1ec75e5333bf06929b671309c43c0cd201c172d9c39f/yarl-1.25.1-cp312-cp312-win_arm64.whl", hash = "sha256:bc3ac7bf569f6b64dad04dd7808c7872dae8a97df657856eac05e9b7e3614a85", size = 97697, upload-time = "2026-09-15T19:31:35.855Z" },
    { url = "https://files.pythonhosted.org/packages/54/22/318c7980066769c6bcd9221ed2248294f5698811da099013098c670565ed/yarl-1.25.1-py3-none-any.whl", hash = "sha256:681c758b0490f9e96b78e5fa8e8dc6e648e9185bb6eaebe73183c33ea0c445f3", size = 63617, upload-time = "2026-09-15T19:34:59.616Z" },
]
